
Microsoft Visual Studio Solution File, Format Version 12.00
# Visual Studio Version 17
VisualStudioVersion = 17.2.32526.322
MinimumVisualStudioVersion = 10.0.40219.1
Project("{FAE04EC0-301F-11D3-BF4B-00C04F79EFBC}") = "SkinCare.Android", "SkinCare\SkinCare.Android\SkinCare.Android.csproj", "{7FE1374A-4CCA-4A8F-852A-63FF94CB68B3}"
EndProject
Project("{9A19103F-16F7-4668-BE54-9A1E7A4F7556}") = "SkinCare", "SkinCare\SkinCare\SkinCare.csproj", "{8DB42B6B-A964-43C3-8AED-BFC661883F09}"
EndProject
Global
	GlobalSection(SolutionConfigurationPlatforms) = preSolution
		Debug|Any CPU = Debug|Any CPU
		Release|Any CPU = Release|Any CPU
	EndGlobalSection
	GlobalSection(ProjectConfigurationPlatforms) = postSolution
		{7FE1374A-4CCA-4A8F-852A-63FF94CB68B3}.Debug|Any CPU.ActiveCfg = Debug|Any CPU
		{7FE1374A-4CCA-4A8F-852A-63FF94CB68B3}.Debug|Any CPU.Build.0 = Debug|Any CPU
		{7FE1374A-4CCA-4A8F-852A-63FF94CB68B3}.Debug|Any CPU.Deploy.0 = Debug|Any CPU
		{7FE1374A-4CCA-4A8F-852A-63FF94CB68B3}.Release|Any CPU.ActiveCfg = Release|Any CPU
		{7FE1374A-4CCA-4A8F-852A-63FF94CB68B3}.Release|Any CPU.Build.0 = Release|Any CPU
		{7FE1374A-4CCA-4A8F-852A-63FF94CB68B3}.Release|Any CPU.Deploy.0 = Release|Any CPU
		{8DB42B6B-A964-43C3-8AED-BFC661883F09}.Debug|Any CPU.ActiveCfg = Debug|Any CPU
		{8DB42B6B-A964-43C3-8AED-BFC661883F09}.Debug|Any CPU.Build.0 = Debug|Any CPU
		{8DB42B6B-A964-43C3-8AED-BFC661883F09}.Debug|Any CPU.Deploy.0 = Debug|Any CPU
		{8DB42B6B-A964-43C3-8AED-BFC661883F09}.Release|Any CPU.ActiveCfg = Release|Any CPU
		{8DB42B6B-A964-43C3-8AED-BFC661883F09}.Release|Any CPU.Build.0 = Release|Any CPU
		{8DB42B6B-A964-43C3-8AED-BFC661883F09}.Release|Any CPU.Deploy.0 = Release|Any CPU
	EndGlobalSection
	GlobalSection(SolutionProperties) = preSolution
		HideSolutionNode = FALSE
	EndGlobalSection
	GlobalSection(ExtensibilityGlobals) = postSolution
		SolutionGuid = {7C1543DE-8A77-4202-9C49-C0E583C2B495}
	EndGlobalSection
EndGlobal
